// !$*UTF8*$!
{
	archiveVersion = 1;
	classes = {
	};
	objectVersion = 56;
	objects = {

/* Begin PBXBuildFile section */
		1A43919C2ABC04EE00563E89 /* Config.xcconfig in Resources */ = {isa = PBXBuildFile; fileRef = 1A43919B2ABC04EE00563E89 /* Config.xcconfig */; };
		27CAE61F5BD3634CDCA44C64 /* Pods_season4_mainproject.framework in Frameworks */ = {isa = PBXBuildFile; fileRef = DD2F241DB758A7944842A569 /* Pods_season4_mainproject.framework */; };
		320D82CA2ABADECA00D556F1 /* MainViewController.swift in Sources */ = {isa = PBXBuildFile; fileRef = 320D82C92ABADECA00D556F1 /* MainViewController.swift */; };
		325191F52ABBD0DA0027028E /* Home.storyboard in Resources */ = {isa = PBXBuildFile; fileRef = 325191F42ABBD0DA0027028E /* Home.storyboard */; };
		325191F72ABBD0E70027028E /* Recommend.storyboard in Resources */ = {isa = PBXBuildFile; fileRef = 325191F62ABBD0E70027028E /* Recommend.storyboard */; };
		325191F92ABBD0FA0027028E /* Theater.storyboard in Resources */ = {isa = PBXBuildFile; fileRef = 325191F82ABBD0FA0027028E /* Theater.storyboard */; };
		325191FB2ABBD1050027028E /* User.storyboard in Resources */ = {isa = PBXBuildFile; fileRef = 325191FA2ABBD1050027028E /* User.storyboard */; };
		325191FD2ABBD3940027028E /* HomeViewController.swift in Sources */ = {isa = PBXBuildFile; fileRef = 325191FC2ABBD3940027028E /* HomeViewController.swift */; };
		325191FF2ABBD3B60027028E /* RecommendViewController.swift in Sources */ = {isa = PBXBuildFile; fileRef = 325191FE2ABBD3B60027028E /* RecommendViewController.swift */; };
		325192012ABBD3C50027028E /* TheaterViewController.swift in Sources */ = {isa = PBXBuildFile; fileRef = 325192002ABBD3C50027028E /* TheaterViewController.swift */; };
		325192032ABBD3D20027028E /* UserViewController.swift in Sources */ = {isa = PBXBuildFile; fileRef = 325192022ABBD3D20027028E /* UserViewController.swift */; };
		325192052ABC0F8E0027028E /* UserTableViewController.swift in Sources */ = {isa = PBXBuildFile; fileRef = 325192042ABC0F8E0027028E /* UserTableViewController.swift */; };
		325192092ABC31750027028E /* RegisterViewController.swift in Sources */ = {isa = PBXBuildFile; fileRef = 325192082ABC31750027028E /* RegisterViewController.swift */; };
		3251920B2ABC31960027028E /* UserEditViewController.swift in Sources */ = {isa = PBXBuildFile; fileRef = 3251920A2ABC31960027028E /* UserEditViewController.swift */; };
		32EB063B2ABC343F00AECA3A /* UserData.swift in Sources */ = {isa = PBXBuildFile; fileRef = 32EB063A2ABC343F00AECA3A /* UserData.swift */; };
		32EB063F2ABC65F000AECA3A /* LoginViewController.swift in Sources */ = {isa = PBXBuildFile; fileRef = 32EB063E2ABC65F000AECA3A /* LoginViewController.swift */; };
		4E9F27542ABAC8F7003263FC /* AppDelegate.swift in Sources */ = {isa = PBXBuildFile; fileRef = 4E9F27532ABAC8F7003263FC /* AppDelegate.swift */; };
		4E9F27562ABAC8F7003263FC /* SceneDelegate.swift in Sources */ = {isa = PBXBuildFile; fileRef = 4E9F27552ABAC8F7003263FC /* SceneDelegate.swift */; };
		4E9F275B2ABAC8F7003263FC /* Main.storyboard in Resources */ = {isa = PBXBuildFile; fileRef = 4E9F27592ABAC8F7003263FC /* Main.storyboard */; };
		4E9F275D2ABAC8F8003263FC /* Assets.xcassets in Resources */ = {isa = PBXBuildFile; fileRef = 4E9F275C2ABAC8F8003263FC /* Assets.xcassets */; };
		4E9F27602ABAC8F8003263FC /* LaunchScreen.storyboard in Resources */ = {isa = PBXBuildFile; fileRef = 4E9F275E2ABAC8F8003263FC /* LaunchScreen.storyboard */; };
/* End PBXBuildFile section */

/* Begin PBXFileReference section */
		1A43919B2ABC04EE00563E89 /* Config.xcconfig */ = {isa = PBXFileReference; lastKnownFileType = text.xcconfig; path = Config.xcconfig; sourceTree = "<group>"; };
		242FDEAD0B174A98F80534D6 /* Pods-season4_mainproject.release.xcconfig */ = {isa = PBXFileReference; includeInIndex = 1; lastKnownFileType = text.xcconfig; name = "Pods-season4_mainproject.release.xcconfig"; path = "Target Support Files/Pods-season4_mainproject/Pods-season4_mainproject.release.xcconfig"; sourceTree = "<group>"; };
		320D82C92ABADECA00D556F1 /* MainViewController.swift */ = {isa = PBXFileReference; lastKnownFileType = sourcecode.swift; path = MainViewController.swift; sourceTree = "<group>"; };
		325191F42ABBD0DA0027028E /* Home.storyboard */ = {isa = PBXFileReference; lastKnownFileType = file.storyboard; path = Home.storyboard; sourceTree = "<group>"; };
		325191F62ABBD0E70027028E /* Recommend.storyboard */ = {isa = PBXFileReference; lastKnownFileType = file.storyboard; path = Recommend.storyboard; sourceTree = "<group>"; };
		325191F82ABBD0FA0027028E /* Theater.storyboard */ = {isa = PBXFileReference; lastKnownFileType = file.storyboard; path = Theater.storyboard; sourceTree = "<group>"; };
		325191FA2ABBD1050027028E /* User.storyboard */ = {isa = PBXFileReference; lastKnownFileType = file.storyboard; path = User.storyboard; sourceTree = "<group>"; };
		325191FC2ABBD3940027028E /* HomeViewController.swift */ = {isa = PBXFileReference; lastKnownFileType = sourcecode.swift; path = HomeViewController.swift; sourceTree = "<group>"; };
		325191FE2ABBD3B60027028E /* RecommendViewController.swift */ = {isa = PBXFileReference; lastKnownFileType = sourcecode.swift; path = RecommendViewController.swift; sourceTree = "<group>"; };
		325192002ABBD3C50027028E /* TheaterViewController.swift */ = {isa = PBXFileReference; lastKnownFileType = sourcecode.swift; path = TheaterViewController.swift; sourceTree = "<group>"; };
		325192022ABBD3D20027028E /* UserViewController.swift */ = {isa = PBXFileReference; lastKnownFileType = sourcecode.swift; path = UserViewController.swift; sourceTree = "<group>"; };
		325192042ABC0F8E0027028E /* UserTableViewController.swift */ = {isa = PBXFileReference; lastKnownFileType = sourcecode.swift; path = UserTableViewController.swift; sourceTree = "<group>"; };
		325192082ABC31750027028E /* RegisterViewController.swift */ = {isa = PBXFileReference; lastKnownFileType = sourcecode.swift; path = RegisterViewController.swift; sourceTree = "<group>"; };
		3251920A2ABC31960027028E /* UserEditViewController.swift */ = {isa = PBXFileReference; lastKnownFileType = sourcecode.swift; path = UserEditViewController.swift; sourceTree = "<group>"; };
		32EB063A2ABC343F00AECA3A /* UserData.swift */ = {isa = PBXFileReference; lastKnownFileType = sourcecode.swift; path = UserData.swift; sourceTree = "<group>"; };
		32EB063E2ABC65F000AECA3A /* LoginViewController.swift */ = {isa = PBXFileReference; lastKnownFileType = sourcecode.swift; path = LoginViewController.swift; sourceTree = "<group>"; };
		400DA166D0374A563B038BB2 /* Pods-season4_mainproject.debug.xcconfig */ = {isa = PBXFileReference; includeInIndex = 1; lastKnownFileType = text.xcconfig; name = "Pods-season4_mainproject.debug.xcconfig"; path = "Target Support Files/Pods-season4_mainproject/Pods-season4_mainproject.debug.xcconfig"; sourceTree = "<group>"; };
		4E9F27502ABAC8F7003263FC /* season4_mainproject.app */ = {isa = PBXFileReference; explicitFileType = wrapper.application; includeInIndex = 0; path = season4_mainproject.app; sourceTree = BUILT_PRODUCTS_DIR; };
		4E9F27532ABAC8F7003263FC /* AppDelegate.swift */ = {isa = PBXFileReference; lastKnownFileType = sourcecode.swift; path = AppDelegate.swift; sourceTree = "<group>"; };
		4E9F27552ABAC8F7003263FC /* SceneDelegate.swift */ = {isa = PBXFileReference; lastKnownFileType = sourcecode.swift; path = SceneDelegate.swift; sourceTree = "<group>"; };
		4E9F275A2ABAC8F7003263FC /* Base */ = {isa = PBXFileReference; lastKnownFileType = file.storyboard; name = Base; path = Base.lproj/Main.storyboard; sourceTree = "<group>"; };
		4E9F275C2ABAC8F8003263FC /* Assets.xcassets */ = {isa = PBXFileReference; lastKnownFileType = folder.assetcatalog; path = Assets.xcassets; sourceTree = "<group>"; };
		4E9F275F2ABAC8F8003263FC /* Base */ = {isa = PBXFileReference; lastKnownFileType = file.storyboard; name = Base; path = Base.lproj/LaunchScreen.storyboard; sourceTree = "<group>"; };
		4E9F27612ABAC8F8003263FC /* Info.plist */ = {isa = PBXFileReference; lastKnownFileType = text.plist.xml; path = Info.plist; sourceTree = "<group>"; };
		DD2F241DB758A7944842A569 /* Pods_season4_mainproject.framework */ = {isa = PBXFileReference; explicitFileType = wrapper.framework; includeInIndex = 0; path = Pods_season4_mainproject.framework; sourceTree = BUILT_PRODUCTS_DIR; };
/* End PBXFileReference section */

/* Begin PBXFrameworksBuildPhase section */
		4E9F274D2ABAC8F7003263FC /* Frameworks */ = {
			isa = PBXFrameworksBuildPhase;
			buildActionMask = 2147483647;
			files = (
				27CAE61F5BD3634CDCA44C64 /* Pods_season4_mainproject.framework in Frameworks */,
			);
			runOnlyForDeploymentPostprocessing = 0;
		};
/* End PBXFrameworksBuildPhase section */

/* Begin PBXGroup section */
		1A2C69642ABBEA32003C9A1E /* ViewController */ = {
			isa = PBXGroup;
			children = (
				325191FC2ABBD3940027028E /* HomeViewController.swift */,
				325191FE2ABBD3B60027028E /* RecommendViewController.swift */,
				325192002ABBD3C50027028E /* TheaterViewController.swift */,
				325192022ABBD3D20027028E /* UserViewController.swift */,
				320D82C92ABADECA00D556F1 /* MainViewController.swift */,
				325192042ABC0F8E0027028E /* UserTableViewController.swift */,
				325192082ABC31750027028E /* RegisterViewController.swift */,
				3251920A2ABC31960027028E /* UserEditViewController.swift */,
				32EB063E2ABC65F000AECA3A /* LoginViewController.swift */,
			);
			path = ViewController;
			sourceTree = "<group>";
		};
		1A2C69652ABBEA55003C9A1E /* Storyboard */ = {
			isa = PBXGroup;
			children = (
				4E9F27592ABAC8F7003263FC /* Main.storyboard */,
				325191F42ABBD0DA0027028E /* Home.storyboard */,
				325191F62ABBD0E70027028E /* Recommend.storyboard */,
				325191F82ABBD0FA0027028E /* Theater.storyboard */,
				325191FA2ABBD1050027028E /* User.storyboard */,
			);
			path = Storyboard;
			sourceTree = "<group>";
		};
		1A2C69672ABBEB4C003C9A1E /* Service */ = {
			isa = PBXGroup;
			children = (
			);
			path = Service;
			sourceTree = "<group>";
		};
		32EB06392ABC341100AECA3A /* User */ = {
			isa = PBXGroup;
			children = (
				32EB063A2ABC343F00AECA3A /* UserData.swift */,
			);
			path = User;
			sourceTree = "<group>";
		};
		4E9F27472ABAC8F7003263FC = {
			isa = PBXGroup;
			children = (
				4E9F27522ABAC8F7003263FC /* season4_mainproject */,
				4E9F27512ABAC8F7003263FC /* Products */,
				C005D7924B83331FDFBAA6A0 /* Pods */,
				F40427C55B3F0F8DEB3DC976 /* Frameworks */,
			);
			sourceTree = "<group>";
		};
		4E9F27512ABAC8F7003263FC /* Products */ = {
			isa = PBXGroup;
			children = (
				4E9F27502ABAC8F7003263FC /* season4_mainproject.app */,
			);
			name = Products;
			sourceTree = "<group>";
		};
		4E9F27522ABAC8F7003263FC /* season4_mainproject */ = {
			isa = PBXGroup;
			children = (
				32EB06392ABC341100AECA3A /* User */,
				1A43919B2ABC04EE00563E89 /* Config.xcconfig */,
				1A2C69672ABBEB4C003C9A1E /* Service */,
				4E9F27532ABAC8F7003263FC /* AppDelegate.swift */,
				4E9F27552ABAC8F7003263FC /* SceneDelegate.swift */,
				1A2C69642ABBEA32003C9A1E /* ViewController */,
				1A2C69652ABBEA55003C9A1E /* Storyboard */,
				4E9F275C2ABAC8F8003263FC /* Assets.xcassets */,
				4E9F275E2ABAC8F8003263FC /* LaunchScreen.storyboard */,
				4E9F27612ABAC8F8003263FC /* Info.plist */,
			);
			path = season4_mainproject;
			sourceTree = "<group>";
		};
		C005D7924B83331FDFBAA6A0 /* Pods */ = {
			isa = PBXGroup;
			children = (
				400DA166D0374A563B038BB2 /* Pods-season4_mainproject.debug.xcconfig */,
				242FDEAD0B174A98F80534D6 /* Pods-season4_mainproject.release.xcconfig */,
			);
			path = Pods;
			sourceTree = "<group>";
		};
		F40427C55B3F0F8DEB3DC976 /* Frameworks */ = {
			isa = PBXGroup;
			children = (
				DD2F241DB758A7944842A569 /* Pods_season4_mainproject.framework */,
			);
			name = Frameworks;
			sourceTree = "<group>";
		};
/* End PBXGroup section */

/* Begin PBXNativeTarget section */
		4E9F274F2ABAC8F7003263FC /* season4_mainproject */ = {
			isa = PBXNativeTarget;
			buildConfigurationList = 4E9F27642ABAC8F8003263FC /* Build configuration list for PBXNativeTarget "season4_mainproject" */;
			buildPhases = (
				EB1AA62BAA00B7704786F955 /* [CP] Check Pods Manifest.lock */,
				4E9F274C2ABAC8F7003263FC /* Sources */,
				4E9F274D2ABAC8F7003263FC /* Frameworks */,
				4E9F274E2ABAC8F7003263FC /* Resources */,
				446649A2C7DDE61A6363091B /* [CP] Embed Pods Frameworks */,
			);
			buildRules = (
			);
			dependencies = (
			);
			name = season4_mainproject;
			productName = season4_mainproject;
			productReference = 4E9F27502ABAC8F7003263FC /* season4_mainproject.app */;
			productType = "com.apple.product-type.application";
		};
/* End PBXNativeTarget section */

/* Begin PBXProject section */
		4E9F27482ABAC8F7003263FC /* Project object */ = {
			isa = PBXProject;
			attributes = {
				BuildIndependentTargetsInParallel = 1;
				LastSwiftUpdateCheck = 1430;
				LastUpgradeCheck = 1430;
				TargetAttributes = {
					4E9F274F2ABAC8F7003263FC = {
						CreatedOnToolsVersion = 14.3.1;
					};
				};
			};
			buildConfigurationList = 4E9F274B2ABAC8F7003263FC /* Build configuration list for PBXProject "season4_mainproject" */;
			compatibilityVersion = "Xcode 14.0";
			developmentRegion = en;
			hasScannedForEncodings = 0;
			knownRegions = (
				en,
				Base,
			);
			mainGroup = 4E9F27472ABAC8F7003263FC;
			productRefGroup = 4E9F27512ABAC8F7003263FC /* Products */;
			projectDirPath = "";
			projectRoot = "";
			targets = (
				4E9F274F2ABAC8F7003263FC /* season4_mainproject */,
			);
		};
/* End PBXProject section */

/* Begin PBXResourcesBuildPhase section */
		4E9F274E2ABAC8F7003263FC /* Resources */ = {
			isa = PBXResourcesBuildPhase;
			buildActionMask = 2147483647;
			files = (
				4E9F27602ABAC8F8003263FC /* LaunchScreen.storyboard in Resources */,
				325191F72ABBD0E70027028E /* Recommend.storyboard in Resources */,
				4E9F275D2ABAC8F8003263FC /* Assets.xcassets in Resources */,
				4E9F275B2ABAC8F7003263FC /* Main.storyboard in Resources */,
				1A43919C2ABC04EE00563E89 /* Config.xcconfig in Resources */,
				325191F92ABBD0FA0027028E /* Theater.storyboard in Resources */,
				325191FB2ABBD1050027028E /* User.storyboard in Resources */,
				325191F52ABBD0DA0027028E /* Home.storyboard in Resources */,
			);
			runOnlyForDeploymentPostprocessing = 0;
		};
/* End PBXResourcesBuildPhase section */

/* Begin PBXShellScriptBuildPhase section */
		446649A2C7DDE61A6363091B /* [CP] Embed Pods Frameworks */ = {
			isa = PBXShellScriptBuildPhase;
			buildActionMask = 2147483647;
			files = (
			);
			inputFileListPaths = (
				"${PODS_ROOT}/Target Support Files/Pods-season4_mainproject/Pods-season4_mainproject-frameworks-${CONFIGURATION}-input-files.xcfilelist",
			);
			name = "[CP] Embed Pods Frameworks";
			outputFileListPaths = (
				"${PODS_ROOT}/Target Support Files/Pods-season4_mainproject/Pods-season4_mainproject-frameworks-${CONFIGURATION}-output-files.xcfilelist",
			);
			runOnlyForDeploymentPostprocessing = 0;
			shellPath = /bin/sh;
			shellScript = "\"${PODS_ROOT}/Target Support Files/Pods-season4_mainproject/Pods-season4_mainproject-frameworks.sh\"\n";
			showEnvVarsInLog = 0;
		};
		EB1AA62BAA00B7704786F955 /* [CP] Check Pods Manifest.lock */ = {
			isa = PBXShellScriptBuildPhase;
			buildActionMask = 2147483647;
			files = (
			);
			inputFileListPaths = (
			);
			inputPaths = (
				"${PODS_PODFILE_DIR_PATH}/Podfile.lock",
				"${PODS_ROOT}/Manifest.lock",
			);
			name = "[CP] Check Pods Manifest.lock";
			outputFileListPaths = (
			);
			outputPaths = (
				"$(DERIVED_FILE_DIR)/Pods-season4_mainproject-checkManifestLockResult.txt",
			);
			runOnlyForDeploymentPostprocessing = 0;
			shellPath = /bin/sh;
			shellScript = "diff \"${PODS_PODFILE_DIR_PATH}/Podfile.lock\" \"${PODS_ROOT}/Manifest.lock\" > /dev/null\nif [ $? != 0 ] ; then\n    # print error to STDERR\n    echo \"error: The sandbox is not in sync with the Podfile.lock. Run 'pod install' or update your CocoaPods installation.\" >&2\n    exit 1\nfi\n# This output is used by Xcode 'outputs' to avoid re-running this script phase.\necho \"SUCCESS\" > \"${SCRIPT_OUTPUT_FILE_0}\"\n";
			showEnvVarsInLog = 0;
		};
/* End PBXShellScriptBuildPhase section */

/* Begin PBXSourcesBuildPhase section */
		4E9F274C2ABAC8F7003263FC /* Sources */ = {
			isa = PBXSourcesBuildPhase;
			buildActionMask = 2147483647;
			files = (
				32EB063F2ABC65F000AECA3A /* LoginViewController.swift in Sources */,
				325192092ABC31750027028E /* RegisterViewController.swift in Sources */,
				325192032ABBD3D20027028E /* UserViewController.swift in Sources */,
				325192012ABBD3C50027028E /* TheaterViewController.swift in Sources */,
				320D82CA2ABADECA00D556F1 /* MainViewController.swift in Sources */,
				4E9F27542ABAC8F7003263FC /* AppDelegate.swift in Sources */,
				32EB063B2ABC343F00AECA3A /* UserData.swift in Sources */,
				4E9F27562ABAC8F7003263FC /* SceneDelegate.swift in Sources */,
				325191FD2ABBD3940027028E /* HomeViewController.swift in Sources */,
				325192052ABC0F8E0027028E /* UserTableViewController.swift in Sources */,
				325191FF2ABBD3B60027028E /* RecommendViewController.swift in Sources */,
				3251920B2ABC31960027028E /* UserEditViewController.swift in Sources */,
			);
			runOnlyForDeploymentPostprocessing = 0;
		};
/* End PBXSourcesBuildPhase section */

/* Begin PBXVariantGroup section */
		4E9F27592ABAC8F7003263FC /* Main.storyboard */ = {
			isa = PBXVariantGroup;
			children = (
				4E9F275A2ABAC8F7003263FC /* Base */,
			);
			name = Main.storyboard;
			sourceTree = "<group>";
		};
		4E9F275E2ABAC8F8003263FC /* LaunchScreen.storyboard */ = {
			isa = PBXVariantGroup;
			children = (
				4E9F275F2ABAC8F8003263FC /* Base */,
			);
			name = LaunchScreen.storyboard;
			sourceTree = "<group>";
		};
/* End PBXVariantGroup section */

/* Begin XCBuildConfiguration section */
		4E9F27622ABAC8F8003263FC /* Debug */ = {
			isa = XCBuildConfiguration;
			baseConfigurationReference = 1A43919B2ABC04EE00563E89 /* Config.xcconfig */;
			buildSettings = {
				ALWAYS_SEARCH_USER_PATHS = NO;
				CLANG_ANALYZER_NONNULL = YES;
				CLANG_ANALYZER_NUMBER_OBJECT_CONVERSION = YES_AGGRESSIVE;
				CLANG_CXX_LANGUAGE_STANDARD = "gnu++20";
				CLANG_ENABLE_MODULES = YES;
				CLANG_ENABLE_OBJC_ARC = YES;
				CLANG_ENABLE_OBJC_WEAK = YES;
				CLANG_WARN_BLOCK_CAPTURE_AUTORELEASING = YES;
				CLANG_WARN_BOOL_CONVERSION = YES;
				CLANG_WARN_COMMA = YES;
				CLANG_WARN_CONSTANT_CONVERSION = YES;
				CLANG_WARN_DEPRECATED_OBJC_IMPLEMENTATIONS = YES;
				CLANG_WARN_DIRECT_OBJC_ISA_USAGE = YES_ERROR;
				CLANG_WARN_DOCUMENTATION_COMMENTS = YES;
				CLANG_WARN_EMPTY_BODY = YES;
				CLANG_WARN_ENUM_CONVERSION = YES;
				CLANG_WARN_INFINITE_RECURSION = YES;
				CLANG_WARN_INT_CONVERSION = YES;
				CLANG_WARN_NON_LITERAL_NULL_CONVERSION = YES;
				CLANG_WARN_OBJC_IMPLICIT_RETAIN_SELF = YES;
				CLANG_WARN_OBJC_LITERAL_CONVERSION = YES;
				CLANG_WARN_OBJC_ROOT_CLASS = YES_ERROR;
				CLANG_WARN_QUOTED_INCLUDE_IN_FRAMEWORK_HEADER = YES;
				CLANG_WARN_RANGE_LOOP_ANALYSIS = YES;
				CLANG_WARN_STRICT_PROTOTYPES = YES;
				CLANG_WARN_SUSPICIOUS_MOVE = YES;
				CLANG_WARN_UNGUARDED_AVAILABILITY = YES_AGGRESSIVE;
				CLANG_WARN_UNREACHABLE_CODE = YES;
				CLANG_WARN__DUPLICATE_METHOD_MATCH = YES;
				COPY_PHASE_STRIP = NO;
				DEBUG_INFORMATION_FORMAT = dwarf;
				ENABLE_STRICT_OBJC_MSGSEND = YES;
				ENABLE_TESTABILITY = YES;
				GCC_C_LANGUAGE_STANDARD = gnu11;
				GCC_DYNAMIC_NO_PIC = NO;
				GCC_NO_COMMON_BLOCKS = YES;
				GCC_OPTIMIZATION_LEVEL = 0;
				GCC_PREPROCESSOR_DEFINITIONS = (
					"DEBUG=1",
					"$(inherited)",
				);
				GCC_WARN_64_TO_32_BIT_CONVERSION = YES;
				GCC_WARN_ABOUT_RETURN_TYPE = YES_ERROR;
				GCC_WARN_UNDECLARED_SELECTOR = YES;
				GCC_WARN_UNINITIALIZED_AUTOS = YES_AGGRESSIVE;
				GCC_WARN_UNUSED_FUNCTION = YES;
				GCC_WARN_UNUSED_VARIABLE = YES;
				IPHONEOS_DEPLOYMENT_TARGET = 16.4;
				MTL_ENABLE_DEBUG_INFO = INCLUDE_SOURCE;
				MTL_FAST_MATH = YES;
				ONLY_ACTIVE_ARCH = YES;
				SDKROOT = iphoneos;
				SWIFT_ACTIVE_COMPILATION_CONDITIONS = DEBUG;
				SWIFT_OPTIMIZATION_LEVEL = "-Onone";
			};
			name = Debug;
		};
		4E9F27632ABAC8F8003263FC /* Release */ = {
			isa = XCBuildConfiguration;
			buildSettings = {
				ALWAYS_SEARCH_USER_PATHS = NO;
				CLANG_ANALYZER_NONNULL = YES;
				CLANG_ANALYZER_NUMBER_OBJECT_CONVERSION = YES_AGGRESSIVE;
				CLANG_CXX_LANGUAGE_STANDARD = "gnu++20";
				CLANG_ENABLE_MODULES = YES;
				CLANG_ENABLE_OBJC_ARC = YES;
				CLANG_ENABLE_OBJC_WEAK = YES;
				CLANG_WARN_BLOCK_CAPTURE_AUTORELEASING = YES;
				CLANG_WARN_BOOL_CONVERSION = YES;
				CLANG_WARN_COMMA = YES;
				CLANG_WARN_CONSTANT_CONVERSION = YES;
				CLANG_WARN_DEPRECATED_OBJC_IMPLEMENTATIONS = YES;
				CLANG_WARN_DIRECT_OBJC_ISA_USAGE = YES_ERROR;
				CLANG_WARN_DOCUMENTATION_COMMENTS = YES;
				CLANG_WARN_EMPTY_BODY = YES;
				CLANG_WARN_ENUM_CONVERSION = YES;
				CLANG_WARN_INFINITE_RECURSION = YES;
				CLANG_WARN_INT_CONVERSION = YES;
				CLANG_WARN_NON_LITERAL_NULL_CONVERSION = YES;
				CLANG_WARN_OBJC_IMPLICIT_RETAIN_SELF = YES;
				CLANG_WARN_OBJC_LITERAL_CONVERSION = YES;
				CLANG_WARN_OBJC_ROOT_CLASS = YES_ERROR;
				CLANG_WARN_QUOTED_INCLUDE_IN_FRAMEWORK_HEADER = YES;
				CLANG_WARN_RANGE_LOOP_ANALYSIS = YES;
				CLANG_WARN_STRICT_PROTOTYPES = YES;
				CLANG_WARN_SUSPICIOUS_MOVE = YES;
				CLANG_WARN_UNGUARDED_AVAILABILITY = YES_AGGRESSIVE;
				CLANG_WARN_UNREACHABLE_CODE = YES;
				CLANG_WARN__DUPLICATE_METHOD_MATCH = YES;
				COPY_PHASE_STRIP = NO;
				DEBUG_INFORMATION_FORMAT = "dwarf-with-dsym";
				ENABLE_NS_ASSERTIONS = NO;
				ENABLE_STRICT_OBJC_MSGSEND = YES;
				GCC_C_LANGUAGE_STANDARD = gnu11;
				GCC_NO_COMMON_BLOCKS = YES;
				GCC_WARN_64_TO_32_BIT_CONVERSION = YES;
				GCC_WARN_ABOUT_RETURN_TYPE = YES_ERROR;
				GCC_WARN_UNDECLARED_SELECTOR = YES;
				GCC_WARN_UNINITIALIZED_AUTOS = YES_AGGRESSIVE;
				GCC_WARN_UNUSED_FUNCTION = YES;
				GCC_WARN_UNUSED_VARIABLE = YES;
				IPHONEOS_DEPLOYMENT_TARGET = 16.4;
				MTL_ENABLE_DEBUG_INFO = NO;
				MTL_FAST_MATH = YES;
				SDKROOT = iphoneos;
				SWIFT_COMPILATION_MODE = wholemodule;
				SWIFT_OPTIMIZATION_LEVEL = "-O";
				VALIDATE_PRODUCT = YES;
			};
			name = Release;
		};
		4E9F27652ABAC8F8003263FC /* Debug */ = {
			isa = XCBuildConfiguration;
			baseConfigurationReference = 400DA166D0374A563B038BB2 /* Pods-season4_mainproject.debug.xcconfig */;
			buildSettings = {
				ASSETCATALOG_COMPILER_APPICON_NAME = AppIcon;
				ASSETCATALOG_COMPILER_GLOBAL_ACCENT_COLOR_NAME = AccentColor;
				CODE_SIGN_STYLE = Automatic;
				CURRENT_PROJECT_VERSION = 1;
				GENERATE_INFOPLIST_FILE = YES;
				INFOPLIST_FILE = season4_mainproject/Info.plist;
				INFOPLIST_KEY_UIApplicationSupportsIndirectInputEvents = YES;
				INFOPLIST_KEY_UILaunchStoryboardName = LaunchScreen;
				INFOPLIST_KEY_UIMainStoryboardFile = Main;
				INFOPLIST_KEY_UISupportedInterfaceOrientations_iPad = "UIInterfaceOrientationPortrait UIInterfaceOrientationPortraitUpsideDown UIInterfaceOrientationLandscapeLeft UIInterfaceOrientationLandscapeRight";
				INFOPLIST_KEY_UISupportedInterfaceOrientations_iPhone = "UIInterfaceOrientationPortrait UIInterfaceOrientationLandscapeLeft UIInterfaceOrientationLandscapeRight";
				LD_RUNPATH_SEARCH_PATHS = (
					"$(inherited)",
					"@executable_path/Frameworks",
				);
				MARKETING_VERSION = 1.0;
				PRODUCT_BUNDLE_IDENTIFIER = "com.swiftlec.season4-mainproject";
				PRODUCT_NAME = "$(TARGET_NAME)";
				SWIFT_EMIT_LOC_STRINGS = YES;
				SWIFT_VERSION = 5.0;
				TARGETED_DEVICE_FAMILY = "1,2";
			};
			name = Debug;
		};
		4E9F27662ABAC8F8003263FC /* Release */ = {
			isa = XCBuildConfiguration;
			baseConfigurationReference = 242FDEAD0B174A98F80534D6 /* Pods-season4_mainproject.release.xcconfig */;
			buildSettings = {
				ASSETCATALOG_COMPILER_APPICON_NAME = AppIcon;
				ASSETCATALOG_COMPILER_GLOBAL_ACCENT_COLOR_NAME = AccentColor;
				CODE_SIGN_STYLE = Automatic;
				CURRENT_PROJECT_VERSION = 1;
				GENERATE_INFOPLIST_FILE = YES;
				INFOPLIST_FILE = season4_mainproject/Info.plist;
				INFOPLIST_KEY_UIApplicationSupportsIndirectInputEvents = YES;
				INFOPLIST_KEY_UILaunchStoryboardName = LaunchScreen;
				INFOPLIST_KEY_UIMainStoryboardFile = Main;
				INFOPLIST_KEY_UISupportedInterfaceOrientations_iPad = "UIInterfaceOrientationPortrait UIInterfaceOrientationPortraitUpsideDown UIInterfaceOrientationLandscapeLeft UIInterfaceOrientationLandscapeRight";
				INFOPLIST_KEY_UISupportedInterfaceOrientations_iPhone = "UIInterfaceOrientationPortrait UIInterfaceOrientationLandscapeLeft UIInterfaceOrientationLandscapeRight";
				LD_RUNPATH_SEARCH_PATHS = (
					"$(inherited)",
					"@executable_path/Frameworks",
				);
				MARKETING_VERSION = 1.0;
				PRODUCT_BUNDLE_IDENTIFIER = "com.swiftlec.season4-mainproject";
				PRODUCT_NAME = "$(TARGET_NAME)";
				SWIFT_EMIT_LOC_STRINGS = YES;
				SWIFT_VERSION = 5.0;
				TARGETED_DEVICE_FAMILY = "1,2";
			};
			name = Release;
		};
/* End XCBuildConfiguration section */

/* Begin XCConfigurationList section */
		4E9F274B2ABAC8F7003263FC /* Build configuration list for PBXProject "season4_mainproject" */ = {
			isa = XCConfigurationList;
			buildConfigurations = (
				4E9F27622ABAC8F8003263FC /* Debug */,
				4E9F27632ABAC8F8003263FC /* Release */,
			);
			defaultConfigurationIsVisible = 0;
			defaultConfigurationName = Release;
		};
		4E9F27642ABAC8F8003263FC /* Build configuration list for PBXNativeTarget "season4_mainproject" */ = {
			isa = XCConfigurationList;
			buildConfigurations = (
				4E9F27652ABAC8F8003263FC /* Debug */,
				4E9F27662ABAC8F8003263FC /* Release */,
			);
			defaultConfigurationIsVisible = 0;
			defaultConfigurationName = Release;
		};
/* End XCConfigurationList section */
	};
	rootObject = 4E9F27482ABAC8F7003263FC /* Project object */;
}
